// !$*UTF8*$!
{
	archiveVersion = 1;
	classes = {
	};
	objectVersion = 46;
	objects = {

/* Begin PBXBuildFile section */
		C5373C451D4AF5FD006CFB83 /* UserCell.swift in Sources */ = {isa = PBXBuildFile; fileRef = C5373C441D4AF5FD006CFB83 /* UserCell.swift */; };
		C5373C491D4B4493006CFB83 /* OrganizationViewModel.swift in Sources */ = {isa = PBXBuildFile; fileRef = C5373C481D4B4493006CFB83 /* OrganizationViewModel.swift */; };
		C5373C4B1D4B7C2D006CFB83 /* OrganizationViewController.swift in Sources */ = {isa = PBXBuildFile; fileRef = C5373C4A1D4B7C2D006CFB83 /* OrganizationViewController.swift */; };
		C5373C4D1D4B9603006CFB83 /* UserTableViewController.swift in Sources */ = {isa = PBXBuildFile; fileRef = C5373C4C1D4B9603006CFB83 /* UserTableViewController.swift */; };
		C5373C4F1D4B97F6006CFB83 /* UserTableViewModel.swift in Sources */ = {isa = PBXBuildFile; fileRef = C5373C4E1D4B97F6006CFB83 /* UserTableViewModel.swift */; };
		C538FCFF1D3FBFDC003A559E /* GithubAPI.swift in Sources */ = {isa = PBXBuildFile; fileRef = C538FCFE1D3FBFDC003A559E /* GithubAPI.swift */; };
		C538FD021D406638003A559E /* User.swift in Sources */ = {isa = PBXBuildFile; fileRef = C538FD011D406638003A559E /* User.swift */; };
		C538FD081D406BE8003A559E /* AccountManager.swift in Sources */ = {isa = PBXBuildFile; fileRef = C538FD071D406BE8003A559E /* AccountManager.swift */; };
		C538FD0B1D40A30F003A559E /* Event.swift in Sources */ = {isa = PBXBuildFile; fileRef = C538FD0A1D40A30F003A559E /* Event.swift */; };
		C538FD0D1D40A336003A559E /* Commit.swift in Sources */ = {isa = PBXBuildFile; fileRef = C538FD0C1D40A336003A559E /* Commit.swift */; };
		C538FD0F1D40A349003A559E /* PullRequest.swift in Sources */ = {isa = PBXBuildFile; fileRef = C538FD0E1D40A349003A559E /* PullRequest.swift */; };
		C538FD111D40A3C2003A559E /* PullRequestComment.swift in Sources */ = {isa = PBXBuildFile; fileRef = C538FD101D40A3C2003A559E /* PullRequestComment.swift */; };
		C538FD131D40A3F0003A559E /* Issue.swift in Sources */ = {isa = PBXBuildFile; fileRef = C538FD121D40A3F0003A559E /* Issue.swift */; };
		C538FD151D40A40B003A559E /* IssueComment.swift in Sources */ = {isa = PBXBuildFile; fileRef = C538FD141D40A40B003A559E /* IssueComment.swift */; };
		C538FD171D40A42C003A559E /* CommitComment.swift in Sources */ = {isa = PBXBuildFile; fileRef = C538FD161D40A42C003A559E /* CommitComment.swift */; };
		C538FD191D40A455003A559E /* Repository.swift in Sources */ = {isa = PBXBuildFile; fileRef = C538FD181D40A455003A559E /* Repository.swift */; };
		C538FD1B1D40C97B003A559E /* EventTableViewController.swift in Sources */ = {isa = PBXBuildFile; fileRef = C538FD1A1D40C97B003A559E /* EventTableViewController.swift */; };
		C538FD1E1D40CB8C003A559E /* EventTableViewModel.swift in Sources */ = {isa = PBXBuildFile; fileRef = C538FD1D1D40CB8C003A559E /* EventTableViewModel.swift */; };
		C538FD251D40DB70003A559E /* EventCell.swift in Sources */ = {isa = PBXBuildFile; fileRef = C538FD241D40DB70003A559E /* EventCell.swift */; };
		C538FD271D40E86B003A559E /* BaseTableViewController.swift in Sources */ = {isa = PBXBuildFile; fileRef = C538FD261D40E86B003A559E /* BaseTableViewController.swift */; };
		C538FD291D40E946003A559E /* BaseTableViewModel.swift in Sources */ = {isa = PBXBuildFile; fileRef = C538FD281D40E946003A559E /* BaseTableViewModel.swift */; };
		C538FD2C1D411835003A559E /* BaseModel.swift in Sources */ = {isa = PBXBuildFile; fileRef = C538FD2B1D411835003A559E /* BaseModel.swift */; };
		C538FD331D430466003A559E /* Login.storyboard in Resources */ = {isa = PBXBuildFile; fileRef = C538FD321D430466003A559E /* Login.storyboard */; };
		C538FD391D430FB3003A559E /* RepositoryViewModel.swift in Sources */ = {isa = PBXBuildFile; fileRef = C538FD381D430FB3003A559E /* RepositoryViewModel.swift */; };
		C538FD3D1D431C35003A559E /* RepositoryViewController.swift in Sources */ = {isa = PBXBuildFile; fileRef = C538FD3C1D431C35003A559E /* RepositoryViewController.swift */; };
		C538FD431D43BDE5003A559E /* StatusCell.swift in Sources */ = {isa = PBXBuildFile; fileRef = C538FD421D43BDE5003A559E /* StatusCell.swift */; };
		C538FD471D4491DE003A559E /* Event+DataProcess.swift in Sources */ = {isa = PBXBuildFile; fileRef = C538FD461D4491DE003A559E /* Event+DataProcess.swift */; };
		C538FD4A1D449602003A559E /* DataProcess.swift in Sources */ = {isa = PBXBuildFile; fileRef = C538FD491D449602003A559E /* DataProcess.swift */; };
		C538FD4C1D44FB2E003A559E /* FileViewModel.swift in Sources */ = {isa = PBXBuildFile; fileRef = C538FD4B1D44FB2E003A559E /* FileViewModel.swift */; };
		C538FD4E1D44FB79003A559E /* File.swift in Sources */ = {isa = PBXBuildFile; fileRef = C538FD4D1D44FB79003A559E /* File.swift */; };
		C538FD501D459C71003A559E /* FileTableViewController.swift in Sources */ = {isa = PBXBuildFile; fileRef = C538FD4F1D459C71003A559E /* FileTableViewController.swift */; };
		C538FD521D459DC7003A559E /* FileTableViewModel.swift in Sources */ = {isa = PBXBuildFile; fileRef = C538FD511D459DC7003A559E /* FileTableViewModel.swift */; };
		C538FD541D45A0A2003A559E /* FileCell.swift in Sources */ = {isa = PBXBuildFile; fileRef = C538FD531D45A0A2003A559E /* FileCell.swift */; };
		C538FD571D461852003A559E /* FileViewController.swift in Sources */ = {isa = PBXBuildFile; fileRef = C538FD561D461852003A559E /* FileViewController.swift */; };
		C55E08491D4701A20004EC7C /* content.mustache in Resources */ = {isa = PBXBuildFile; fileRef = C55E08481D4701A20004EC7C /* content.mustache */; };
		C55E08521D4786EB0004EC7C /* Prism in Resources */ = {isa = PBXBuildFile; fileRef = C55E08511D4786EB0004EC7C /* Prism */; };
		C55E08541D478E8E0004EC7C /* common.css in Resources */ = {isa = PBXBuildFile; fileRef = C55E08531D478E8E0004EC7C /* common.css */; };
		C55E08561D4793740004EC7C /* file_extensions.plist in Resources */ = {isa = PBXBuildFile; fileRef = C55E08551D4793740004EC7C /* file_extensions.plist */; };
		C5819ABB1D4CF3D4009D7772 /* RepositoryCell.swift in Sources */ = {isa = PBXBuildFile; fileRef = C5819ABA1D4CF3D4009D7772 /* RepositoryCell.swift */; };
		C5819ABD1D4DD279009D7772 /* RepositoryTableViewModel.swift in Sources */ = {isa = PBXBuildFile; fileRef = C5819ABC1D4DD279009D7772 /* RepositoryTableViewModel.swift */; };
		C5819ABF1D4DD2B7009D7772 /* RepositoryTableViewController.swift in Sources */ = {isa = PBXBuildFile; fileRef = C5819ABE1D4DD2B7009D7772 /* RepositoryTableViewController.swift */; };
		C5BB907B1D487ACA005A40C0 /* empty_content.html in Resources */ = {isa = PBXBuildFile; fileRef = C5BB907A1D487ACA005A40C0 /* empty_content.html */; };
		C5C4D9511D49B1C5007C1891 /* UserViewModel.swift in Sources */ = {isa = PBXBuildFile; fileRef = C5C4D9501D49B1C5007C1891 /* UserViewModel.swift */; };
		C5C4D9531D49B3FD007C1891 /* UserViewController.swift in Sources */ = {isa = PBXBuildFile; fileRef = C5C4D9521D49B3FD007C1891 /* UserViewController.swift */; };
		C5C4D9551D4A27B2007C1891 /* CountButton.swift in Sources */ = {isa = PBXBuildFile; fileRef = C5C4D9541D4A27B2007C1891 /* CountButton.swift */; };
		C5DB94631D3F842000887E81 /* AppDelegate.swift in Sources */ = {isa = PBXBuildFile; fileRef = C5DB94621D3F842000887E81 /* AppDelegate.swift */; };
		C5DB94681D3F842000887E81 /* Main.storyboard in Resources */ = {isa = PBXBuildFile; fileRef = C5DB94661D3F842000887E81 /* Main.storyboard */; };
		C5DB946A1D3F842000887E81 /* Assets.xcassets in Resources */ = {isa = PBXBuildFile; fileRef = C5DB94691D3F842000887E81 /* Assets.xcassets */; };
		C5DB946D1D3F842000887E81 /* LaunchScreen.storyboard in Resources */ = {isa = PBXBuildFile; fileRef = C5DB946B1D3F842000887E81 /* LaunchScreen.storyboard */; };
		C5DB94781D3F842000887E81 /* iGithubTests.swift in Sources */ = {isa = PBXBuildFile; fileRef = C5DB94771D3F842000887E81 /* iGithubTests.swift */; };
		C5DB94831D3F842000887E81 /* iGithubUITests.swift in Sources */ = {isa = PBXBuildFile; fileRef = C5DB94821D3F842000887E81 /* iGithubUITests.swift */; };
		C5DB949C1D3F85CD00887E81 /* Alamofire.framework in Frameworks */ = {isa = PBXBuildFile; fileRef = C5DB94911D3F85CD00887E81 /* Alamofire.framework */; };
		C5DB949D1D3F85CD00887E81 /* KeychainAccess.framework in Frameworks */ = {isa = PBXBuildFile; fileRef = C5DB94921D3F85CD00887E81 /* KeychainAccess.framework */; };
		C5DB949E1D3F85CD00887E81 /* Kingfisher.framework in Frameworks */ = {isa = PBXBuildFile; fileRef = C5DB94931D3F85CD00887E81 /* Kingfisher.framework */; };
		C5DB949F1D3F85CD00887E81 /* Moya.framework in Frameworks */ = {isa = PBXBuildFile; fileRef = C5DB94941D3F85CD00887E81 /* Moya.framework */; };
		C5DB94A01D3F85CD00887E81 /* Mustache.framework in Frameworks */ = {isa = PBXBuildFile; fileRef = C5DB94951D3F85CD00887E81 /* Mustache.framework */; };
		C5DB94A11D3F85CD00887E81 /* ObjectMapper.framework in Frameworks */ = {isa = PBXBuildFile; fileRef = C5DB94961D3F85CD00887E81 /* ObjectMapper.framework */; };
		C5DB94A21D3F85CD00887E81 /* RxBlocking.framework in Frameworks */ = {isa = PBXBuildFile; fileRef = C5DB94971D3F85CD00887E81 /* RxBlocking.framework */; };
		C5DB94A31D3F85CD00887E81 /* RxCocoa.framework in Frameworks */ = {isa = PBXBuildFile; fileRef = C5DB94981D3F85CD00887E81 /* RxCocoa.framework */; };
		C5DB94A41D3F85CD00887E81 /* RxMoya.framework in Frameworks */ = {isa = PBXBuildFile; fileRef = C5DB94991D3F85CD00887E81 /* RxMoya.framework */; };
		C5DB94A51D3F85CD00887E81 /* RxSwift.framework in Frameworks */ = {isa = PBXBuildFile; fileRef = C5DB949A1D3F85CD00887E81 /* RxSwift.framework */; };
		C5DB94A61D3F85CD00887E81 /* SwiftDate.framework in Frameworks */ = {isa = PBXBuildFile; fileRef = C5DB949B1D3F85CD00887E81 /* SwiftDate.framework */; };
		C5DB94AA1D3F8A0A00887E81 /* Result.framework in Frameworks */ = {isa = PBXBuildFile; fileRef = C5DB94A91D3F8A0A00887E81 /* Result.framework */; };
		C5F4BDE71D3F95E5009DF758 /* Octicon.swift in Sources */ = {isa = PBXBuildFile; fileRef = C5F4BDE61D3F95E5009DF758 /* Octicon.swift */; };
		C5F4BDEB1D3F96D2009DF758 /* octicons.ttf in Resources */ = {isa = PBXBuildFile; fileRef = C5F4BDEA1D3F96D2009DF758 /* octicons.ttf */; };
		C5F4BDEF1D3FB1E8009DF758 /* LoginViewController.swift in Sources */ = {isa = PBXBuildFile; fileRef = C5F4BDEE1D3FB1E8009DF758 /* LoginViewController.swift */; };
		C5F4BDF51D3FB294009DF758 /* OAuthViewController.swift in Sources */ = {isa = PBXBuildFile; fileRef = C5F4BDF41D3FB294009DF758 /* OAuthViewController.swift */; };
		C5F4BDF71D3FB37A009DF758 /* OAuthAPI.swift in Sources */ = {isa = PBXBuildFile; fileRef = C5F4BDF61D3FB37A009DF758 /* OAuthAPI.swift */; };
/* End PBXBuildFile section */

/* Begin PBXContainerItemProxy section */
		C5DB94741D3F842000887E81 /* PBXContainerItemProxy */ = {
			isa = PBXContainerItemProxy;
			containerPortal = C5DB94571D3F842000887E81 /* Project object */;
			proxyType = 1;
			remoteGlobalIDString = C5DB945E1D3F842000887E81;
			remoteInfo = iGithub;
		};
		C5DB947F1D3F842000887E81 /* PBXContainerItemProxy */ = {
			isa = PBXContainerItemProxy;
			containerPortal = C5DB94571D3F842000887E81 /* Project object */;
			proxyType = 1;
			remoteGlobalIDString = C5DB945E1D3F842000887E81;
			remoteInfo = iGithub;
		};
/* End PBXContainerItemProxy section */

/* Begin PBXFileReference section */
		C5373C441D4AF5FD006CFB83 /* UserCell.swift */ = {isa = PBXFileReference; fileEncoding = 4; lastKnownFileType = sourcecode.swift; path = UserCell.swift; sourceTree = "<group>"; };
		C5373C481D4B4493006CFB83 /* OrganizationViewModel.swift */ = {isa = PBXFileReference; fileEncoding = 4; lastKnownFileType = sourcecode.swift; path = OrganizationViewModel.swift; sourceTree = "<group>"; };
		C5373C4A1D4B7C2D006CFB83 /* OrganizationViewController.swift */ = {isa = PBXFileReference; fileEncoding = 4; lastKnownFileType = sourcecode.swift; path = OrganizationViewController.swift; sourceTree = "<group>"; };
		C5373C4C1D4B9603006CFB83 /* UserTableViewController.swift */ = {isa = PBXFileReference; fileEncoding = 4; lastKnownFileType = sourcecode.swift; path = UserTableViewController.swift; sourceTree = "<group>"; };
		C5373C4E1D4B97F6006CFB83 /* UserTableViewModel.swift */ = {isa = PBXFileReference; fileEncoding = 4; lastKnownFileType = sourcecode.swift; path = UserTableViewModel.swift; sourceTree = "<group>"; };
		C538FCFE1D3FBFDC003A559E /* GithubAPI.swift */ = {isa = PBXFileReference; fileEncoding = 4; lastKnownFileType = sourcecode.swift; path = GithubAPI.swift; sourceTree = "<group>"; };
		C538FD011D406638003A559E /* User.swift */ = {isa = PBXFileReference; fileEncoding = 4; lastKnownFileType = sourcecode.swift; path = User.swift; sourceTree = "<group>"; };
		C538FD071D406BE8003A559E /* AccountManager.swift */ = {isa = PBXFileReference; fileEncoding = 4; lastKnownFileType = sourcecode.swift; path = AccountManager.swift; sourceTree = "<group>"; };
		C538FD0A1D40A30F003A559E /* Event.swift */ = {isa = PBXFileReference; fileEncoding = 4; lastKnownFileType = sourcecode.swift; path = Event.swift; sourceTree = "<group>"; };
		C538FD0C1D40A336003A559E /* Commit.swift */ = {isa = PBXFileReference; fileEncoding = 4; lastKnownFileType = sourcecode.swift; path = Commit.swift; sourceTree = "<group>"; };
		C538FD0E1D40A349003A559E /* PullRequest.swift */ = {isa = PBXFileReference; fileEncoding = 4; lastKnownFileType = sourcecode.swift; path = PullRequest.swift; sourceTree = "<group>"; };
		C538FD101D40A3C2003A559E /* PullRequestComment.swift */ = {isa = PBXFileReference; fileEncoding = 4; lastKnownFileType = sourcecode.swift; path = PullRequestComment.swift; sourceTree = "<group>"; };
		C538FD121D40A3F0003A559E /* Issue.swift */ = {isa = PBXFileReference; fileEncoding = 4; lastKnownFileType = sourcecode.swift; path = Issue.swift; sourceTree = "<group>"; };
		C538FD141D40A40B003A559E /* IssueComment.swift */ = {isa = PBXFileReference; fileEncoding = 4; lastKnownFileType = sourcecode.swift; path = IssueComment.swift; sourceTree = "<group>"; };
		C538FD161D40A42C003A559E /* CommitComment.swift */ = {isa = PBXFileReference; fileEncoding = 4; lastKnownFileType = sourcecode.swift; path = CommitComment.swift; sourceTree = "<group>"; };
		C538FD181D40A455003A559E /* Repository.swift */ = {isa = PBXFileReference; fileEncoding = 4; lastKnownFileType = sourcecode.swift; path = Repository.swift; sourceTree = "<group>"; };
		C538FD1A1D40C97B003A559E /* EventTableViewController.swift */ = {isa = PBXFileReference; fileEncoding = 4; lastKnownFileType = sourcecode.swift; path = EventTableViewController.swift; sourceTree = "<group>"; };
		C538FD1D1D40CB8C003A559E /* EventTableViewModel.swift */ = {isa = PBXFileReference; fileEncoding = 4; lastKnownFileType = sourcecode.swift; path = EventTableViewModel.swift; sourceTree = "<group>"; };
		C538FD241D40DB70003A559E /* EventCell.swift */ = {isa = PBXFileReference; fileEncoding = 4; lastKnownFileType = sourcecode.swift; path = EventCell.swift; sourceTree = "<group>"; };
		C538FD261D40E86B003A559E /* BaseTableViewController.swift */ = {isa = PBXFileReference; fileEncoding = 4; lastKnownFileType = sourcecode.swift; path = BaseTableViewController.swift; sourceTree = "<group>"; };
		C538FD281D40E946003A559E /* BaseTableViewModel.swift */ = {isa = PBXFileReference; fileEncoding = 4; lastKnownFileType = sourcecode.swift; path = BaseTableViewModel.swift; sourceTree = "<group>"; };
		C538FD2B1D411835003A559E /* BaseModel.swift */ = {isa = PBXFileReference; fileEncoding = 4; lastKnownFileType = sourcecode.swift; path = BaseModel.swift; sourceTree = "<group>"; };
		C538FD321D430466003A559E /* Login.storyboard */ = {isa = PBXFileReference; fileEncoding = 4; lastKnownFileType = file.storyboard; path = Login.storyboard; sourceTree = "<group>"; };
		C538FD381D430FB3003A559E /* RepositoryViewModel.swift */ = {isa = PBXFileReference; fileEncoding = 4; lastKnownFileType = sourcecode.swift; path = RepositoryViewModel.swift; sourceTree = "<group>"; };
		C538FD3C1D431C35003A559E /* RepositoryViewController.swift */ = {isa = PBXFileReference; fileEncoding = 4; lastKnownFileType = sourcecode.swift; path = RepositoryViewController.swift; sourceTree = "<group>"; };
		C538FD421D43BDE5003A559E /* StatusCell.swift */ = {isa = PBXFileReference; fileEncoding = 4; lastKnownFileType = sourcecode.swift; path = StatusCell.swift; sourceTree = "<group>"; };
		C538FD461D4491DE003A559E /* Event+DataProcess.swift */ = {isa = PBXFileReference; fileEncoding = 4; lastKnownFileType = sourcecode.swift; path = "Event+DataProcess.swift"; sourceTree = "<group>"; };
		C538FD491D449602003A559E /* DataProcess.swift */ = {isa = PBXFileReference; fileEncoding = 4; lastKnownFileType = sourcecode.swift; path = DataProcess.swift; sourceTree = "<group>"; };
		C538FD4B1D44FB2E003A559E /* FileViewModel.swift */ = {isa = PBXFileReference; fileEncoding = 4; lastKnownFileType = sourcecode.swift; path = FileViewModel.swift; sourceTree = "<group>"; };
		C538FD4D1D44FB79003A559E /* File.swift */ = {isa = PBXFileReference; fileEncoding = 4; lastKnownFileType = sourcecode.swift; path = File.swift; sourceTree = "<group>"; };
		C538FD4F1D459C71003A559E /* FileTableViewController.swift */ = {isa = PBXFileReference; fileEncoding = 4; lastKnownFileType = sourcecode.swift; path = FileTableViewController.swift; sourceTree = "<group>"; };
		C538FD511D459DC7003A559E /* FileTableViewModel.swift */ = {isa = PBXFileReference; fileEncoding = 4; lastKnownFileType = sourcecode.swift; path = FileTableViewModel.swift; sourceTree = "<group>"; };
		C538FD531D45A0A2003A559E /* FileCell.swift */ = {isa = PBXFileReference; fileEncoding = 4; lastKnownFileType = sourcecode.swift; path = FileCell.swift; sourceTree = "<group>"; };
		C538FD561D461852003A559E /* FileViewController.swift */ = {isa = PBXFileReference; fileEncoding = 4; lastKnownFileType = sourcecode.swift; path = FileViewController.swift; sourceTree = "<group>"; };
		C55E08481D4701A20004EC7C /* content.mustache */ = {isa = PBXFileReference; fileEncoding = 4; lastKnownFileType = text; path = content.mustache; sourceTree = "<group>"; };
		C55E08511D4786EB0004EC7C /* Prism */ = {isa = PBXFileReference; lastKnownFileType = folder; path = Prism; sourceTree = "<group>"; };
		C55E08531D478E8E0004EC7C /* common.css */ = {isa = PBXFileReference; fileEncoding = 4; lastKnownFileType = text.css; path = common.css; sourceTree = "<group>"; };
		C55E08551D4793740004EC7C /* file_extensions.plist */ = {isa = PBXFileReference; fileEncoding = 4; lastKnownFileType = text.plist.xml; path = file_extensions.plist; sourceTree = "<group>"; };
		C5819ABA1D4CF3D4009D7772 /* RepositoryCell.swift */ = {isa = PBXFileReference; fileEncoding = 4; lastKnownFileType = sourcecode.swift; path = RepositoryCell.swift; sourceTree = "<group>"; };
		C5819ABC1D4DD279009D7772 /* RepositoryTableViewModel.swift */ = {isa = PBXFileReference; fileEncoding = 4; lastKnownFileType = sourcecode.swift; path = RepositoryTableViewModel.swift; sourceTree = "<group>"; };
		C5819ABE1D4DD2B7009D7772 /* RepositoryTableViewController.swift */ = {isa = PBXFileReference; fileEncoding = 4; lastKnownFileType = sourcecode.swift; path = RepositoryTableViewController.swift; sourceTree = "<group>"; };
		C5BB907A1D487ACA005A40C0 /* empty_content.html */ = {isa = PBXFileReference; fileEncoding = 4; lastKnownFileType = text.html; path = empty_content.html; sourceTree = "<group>"; };
		C5C4D9501D49B1C5007C1891 /* UserViewModel.swift */ = {isa = PBXFileReference; fileEncoding = 4; lastKnownFileType = sourcecode.swift; path = UserViewModel.swift; sourceTree = "<group>"; };
		C5C4D9521D49B3FD007C1891 /* UserViewController.swift */ = {isa = PBXFileReference; fileEncoding = 4; lastKnownFileType = sourcecode.swift; path = UserViewController.swift; sourceTree = "<group>"; };
		C5C4D9541D4A27B2007C1891 /* CountButton.swift */ = {isa = PBXFileReference; fileEncoding = 4; lastKnownFileType = sourcecode.swift; path = CountButton.swift; sourceTree = "<group>"; };
		C5DB945F1D3F842000887E81 /* iGithub.app */ = {isa = PBXFileReference; explicitFileType = wrapper.application; includeInIndex = 0; path = iGithub.app; sourceTree = BUILT_PRODUCTS_DIR; };
		C5DB94621D3F842000887E81 /* AppDelegate.swift */ = {isa = PBXFileReference; lastKnownFileType = sourcecode.swift; path = AppDelegate.swift; sourceTree = "<group>"; };
		C5DB94671D3F842000887E81 /* Base */ = {isa = PBXFileReference; lastKnownFileType = file.storyboard; name = Base; path = Base.lproj/Main.storyboard; sourceTree = "<group>"; };
		C5DB94691D3F842000887E81 /* Assets.xcassets */ = {isa = PBXFileReference; lastKnownFileType = folder.assetcatalog; path = Assets.xcassets; sourceTree = "<group>"; };
		C5DB946C1D3F842000887E81 /* Base */ = {isa = PBXFileReference; lastKnownFileType = file.storyboard; name = Base; path = Base.lproj/LaunchScreen.storyboard; sourceTree = "<group>"; };
		C5DB946E1D3F842000887E81 /* Info.plist */ = {isa = PBXFileReference; lastKnownFileType = text.plist.xml; path = Info.plist; sourceTree = "<group>"; };
		C5DB94731D3F842000887E81 /* iGithubTests.xctest */ = {isa = PBXFileReference; explicitFileType = wrapper.cfbundle; includeInIndex = 0; path = iGithubTests.xctest; sourceTree = BUILT_PRODUCTS_DIR; };
		C5DB94771D3F842000887E81 /* iGithubTests.swift */ = {isa = PBXFileReference; lastKnownFileType = sourcecode.swift; path = iGithubTests.swift; sourceTree = "<group>"; };
		C5DB94791D3F842000887E81 /* Info.plist */ = {isa = PBXFileReference; lastKnownFileType = text.plist.xml; path = Info.plist; sourceTree = "<group>"; };
		C5DB947E1D3F842000887E81 /* iGithubUITests.xctest */ = {isa = PBXFileReference; explicitFileType = wrapper.cfbundle; includeInIndex = 0; path = iGithubUITests.xctest; sourceTree = BUILT_PRODUCTS_DIR; };
		C5DB94821D3F842000887E81 /* iGithubUITests.swift */ = {isa = PBXFileReference; lastKnownFileType = sourcecode.swift; path = iGithubUITests.swift; sourceTree = "<group>"; };
		C5DB94841D3F842000887E81 /* Info.plist */ = {isa = PBXFileReference; lastKnownFileType = text.plist.xml; path = Info.plist; sourceTree = "<group>"; };
		C5DB94911D3F85CD00887E81 /* Alamofire.framework */ = {isa = PBXFileReference; lastKnownFileType = wrapper.framework; name = Alamofire.framework; path = Carthage/Build/iOS/Alamofire.framework; sourceTree = "<group>"; };
		C5DB94921D3F85CD00887E81 /* KeychainAccess.framework */ = {isa = PBXFileReference; lastKnownFileType = wrapper.framework; name = KeychainAccess.framework; path = Carthage/Build/iOS/KeychainAccess.framework; sourceTree = "<group>"; };
		C5DB94931D3F85CD00887E81 /* Kingfisher.framework */ = {isa = PBXFileReference; lastKnownFileType = wrapper.framework; name = Kingfisher.framework; path = Carthage/Build/iOS/Kingfisher.framework; sourceTree = "<group>"; };
		C5DB94941D3F85CD00887E81 /* Moya.framework */ = {isa = PBXFileReference; lastKnownFileType = wrapper.framework; name = Moya.framework; path = Carthage/Build/iOS/Moya.framework; sourceTree = "<group>"; };
		C5DB94951D3F85CD00887E81 /* Mustache.framework */ = {isa = PBXFileReference; lastKnownFileType = wrapper.framework; name = Mustache.framework; path = Carthage/Build/iOS/Mustache.framework; sourceTree = "<group>"; };
		C5DB94961D3F85CD00887E81 /* ObjectMapper.framework */ = {isa = PBXFileReference; lastKnownFileType = wrapper.framework; name = ObjectMapper.framework; path = Carthage/Build/iOS/ObjectMapper.framework; sourceTree = "<group>"; };
		C5DB94971D3F85CD00887E81 /* RxBlocking.framework */ = {isa = PBXFileReference; lastKnownFileType = wrapper.framework; name = RxBlocking.framework; path = Carthage/Build/iOS/RxBlocking.framework; sourceTree = "<group>"; };
		C5DB94981D3F85CD00887E81 /* RxCocoa.framework */ = {isa = PBXFileReference; lastKnownFileType = wrapper.framework; name = RxCocoa.framework; path = Carthage/Build/iOS/RxCocoa.framework; sourceTree = "<group>"; };
		C5DB94991D3F85CD00887E81 /* RxMoya.framework */ = {isa = PBXFileReference; lastKnownFileType = wrapper.framework; name = RxMoya.framework; path = Carthage/Build/iOS/RxMoya.framework; sourceTree = "<group>"; };
		C5DB949A1D3F85CD00887E81 /* RxSwift.framework */ = {isa = PBXFileReference; lastKnownFileType = wrapper.framework; name = RxSwift.framework; path = Carthage/Build/iOS/RxSwift.framework; sourceTree = "<group>"; };
		C5DB949B1D3F85CD00887E81 /* SwiftDate.framework */ = {isa = PBXFileReference; lastKnownFileType = wrapper.framework; name = SwiftDate.framework; path = Carthage/Build/iOS/SwiftDate.framework; sourceTree = "<group>"; };
		C5DB94A91D3F8A0A00887E81 /* Result.framework */ = {isa = PBXFileReference; lastKnownFileType = wrapper.framework; name = Result.framework; path = Carthage/Build/iOS/Result.framework; sourceTree = "<group>"; };
		C5F4BDE61D3F95E5009DF758 /* Octicon.swift */ = {isa = PBXFileReference; fileEncoding = 4; lastKnownFileType = sourcecode.swift; path = Octicon.swift; sourceTree = "<group>"; };
		C5F4BDEA1D3F96D2009DF758 /* octicons.ttf */ = {isa = PBXFileReference; lastKnownFileType = file; path = octicons.ttf; sourceTree = "<group>"; };
		C5F4BDEE1D3FB1E8009DF758 /* LoginViewController.swift */ = {isa = PBXFileReference; fileEncoding = 4; lastKnownFileType = sourcecode.swift; path = LoginViewController.swift; sourceTree = "<group>"; };
		C5F4BDF41D3FB294009DF758 /* OAuthViewController.swift */ = {isa = PBXFileReference; fileEncoding = 4; lastKnownFileType = sourcecode.swift; path = OAuthViewController.swift; sourceTree = "<group>"; };
		C5F4BDF61D3FB37A009DF758 /* OAuthAPI.swift */ = {isa = PBXFileReference; fileEncoding = 4; lastKnownFileType = sourcecode.swift; path = OAuthAPI.swift; sourceTree = "<group>"; };
/* End PBXFileReference section */

/* Begin PBXFrameworksBuildPhase section */
		C5DB945C1D3F842000887E81 /* Frameworks */ = {
			isa = PBXFrameworksBuildPhase;
			buildActionMask = 2147483647;
			files = (
				C5DB949C1D3F85CD00887E81 /* Alamofire.framework in Frameworks */,
				C5DB949D1D3F85CD00887E81 /* KeychainAccess.framework in Frameworks */,
				C5DB949E1D3F85CD00887E81 /* Kingfisher.framework in Frameworks */,
				C5DB949F1D3F85CD00887E81 /* Moya.framework in Frameworks */,
				C5DB94A01D3F85CD00887E81 /* Mustache.framework in Frameworks */,
				C5DB94A11D3F85CD00887E81 /* ObjectMapper.framework in Frameworks */,
				C5DB94AA1D3F8A0A00887E81 /* Result.framework in Frameworks */,
				C5DB94A21D3F85CD00887E81 /* RxBlocking.framework in Frameworks */,
				C5DB94A31D3F85CD00887E81 /* RxCocoa.framework in Frameworks */,
				C5DB94A41D3F85CD00887E81 /* RxMoya.framework in Frameworks */,
				C5DB94A51D3F85CD00887E81 /* RxSwift.framework in Frameworks */,
				C5DB94A61D3F85CD00887E81 /* SwiftDate.framework in Frameworks */,
			);
			runOnlyForDeploymentPostprocessing = 0;
		};
		C5DB94701D3F842000887E81 /* Frameworks */ = {
			isa = PBXFrameworksBuildPhase;
			buildActionMask = 2147483647;
			files = (
			);
			runOnlyForDeploymentPostprocessing = 0;
		};
		C5DB947B1D3F842000887E81 /* Frameworks */ = {
			isa = PBXFrameworksBuildPhase;
			buildActionMask = 2147483647;
			files = (
			);
			runOnlyForDeploymentPostprocessing = 0;
		};
/* End PBXFrameworksBuildPhase section */

/* Begin PBXGroup section */
		C538FD001D4065F2003A559E /* Models */ = {
			isa = PBXGroup;
			children = (
				C538FD2B1D411835003A559E /* BaseModel.swift */,
				C538FD0C1D40A336003A559E /* Commit.swift */,
				C538FD161D40A42C003A559E /* CommitComment.swift */,
				C538FD0A1D40A30F003A559E /* Event.swift */,
				C538FD4D1D44FB79003A559E /* File.swift */,
				C538FD121D40A3F0003A559E /* Issue.swift */,
				C538FD141D40A40B003A559E /* IssueComment.swift */,
				C538FD181D40A455003A559E /* Repository.swift */,
				C538FD0E1D40A349003A559E /* PullRequest.swift */,
				C538FD101D40A3C2003A559E /* PullRequestComment.swift */,
				C538FD011D406638003A559E /* User.swift */,
			);
			path = Models;
			sourceTree = "<group>";
		};
		C538FD1C1D40C9E1003A559E /* ViewModels */ = {
			isa = PBXGroup;
			children = (
				C538FD281D40E946003A559E /* BaseTableViewModel.swift */,
				C538FD1D1D40CB8C003A559E /* EventTableViewModel.swift */,
				C538FD381D430FB3003A559E /* RepositoryViewModel.swift */,
				C538FD511D459DC7003A559E /* FileTableViewModel.swift */,
				C538FD4B1D44FB2E003A559E /* FileViewModel.swift */,
				C5C4D9501D49B1C5007C1891 /* UserViewModel.swift */,
				C5373C481D4B4493006CFB83 /* OrganizationViewModel.swift */,
				C5373C4E1D4B97F6006CFB83 /* UserTableViewModel.swift */,
				C5819ABC1D4DD279009D7772 /* RepositoryTableViewModel.swift */,
			);
			path = ViewModels;
			sourceTree = "<group>";
		};
		C538FD231D40DB11003A559E /* Views */ = {
			isa = PBXGroup;
			children = (
				C538FD421D43BDE5003A559E /* StatusCell.swift */,
				C538FD241D40DB70003A559E /* EventCell.swift */,
				C538FD531D45A0A2003A559E /* FileCell.swift */,
				C5373C441D4AF5FD006CFB83 /* UserCell.swift */,
				C5C4D9541D4A27B2007C1891 /* CountButton.swift */,
				C5819ABA1D4CF3D4009D7772 /* RepositoryCell.swift */,
			);
			path = Views;
			sourceTree = "<group>";
		};
		C538FD451D449032003A559E /* Extensions */ = {
			isa = PBXGroup;
			children = (
				C538FD491D449602003A559E /* DataProcess.swift */,
				C538FD461D4491DE003A559E /* Event+DataProcess.swift */,
			);
			path = Extensions;
			sourceTree = "<group>";
		};
		C5DB94561D3F842000887E81 = {
			isa = PBXGroup;
			children = (
				C5DB94611D3F842000887E81 /* iGithub */,
				C5DB94761D3F842000887E81 /* iGithubTests */,
				C5DB94811D3F842000887E81 /* iGithubUITests */,
				C5DB94AB1D3F8AB700887E81 /* Frameworks */,
				C5DB94601D3F842000887E81 /* Products */,
			);
			sourceTree = "<group>";
		};
		C5DB94601D3F842000887E81 /* Products */ = {
			isa = PBXGroup;
			children = (
				C5DB945F1D3F842000887E81 /* iGithub.app */,
				C5DB94731D3F842000887E81 /* iGithubTests.xctest */,
				C5DB947E1D3F842000887E81 /* iGithubUITests.xctest */,
			);
			name = Products;
			sourceTree = "<group>";
		};
		C5DB94611D3F842000887E81 /* iGithub */ = {
			isa = PBXGroup;
			children = (
				C5DB94621D3F842000887E81 /* AppDelegate.swift */,
				C5F4BDF61D3FB37A009DF758 /* OAuthAPI.swift */,
				C538FCFE1D3FBFDC003A559E /* GithubAPI.swift */,
				C5F4BDEC1D3FAEE6009DF758 /* ViewControllers */,
				C538FD1C1D40C9E1003A559E /* ViewModels */,
				C538FD231D40DB11003A559E /* Views */,
				C538FD001D4065F2003A559E /* Models */,
				C538FD451D449032003A559E /* Extensions */,
				C538FD071D406BE8003A559E /* AccountManager.swift */,
				C5F4BDE61D3F95E5009DF758 /* Octicon.swift */,
				C5DB94661D3F842000887E81 /* Main.storyboard */,
				C538FD321D430466003A559E /* Login.storyboard */,
				C5DB94691D3F842000887E81 /* Assets.xcassets */,
				C5DB946B1D3F842000887E81 /* LaunchScreen.storyboard */,
				C5DB946E1D3F842000887E81 /* Info.plist */,
				C5DB94B01D3F8BF500887E81 /* Resources */,
			);
			path = iGithub;
			sourceTree = "<group>";
		};
		C5DB94761D3F842000887E81 /* iGithubTests */ = {
			isa = PBXGroup;
			children = (
				C5DB94771D3F842000887E81 /* iGithubTests.swift */,
				C5DB94791D3F842000887E81 /* Info.plist */,
			);
			path = iGithubTests;
			sourceTree = "<group>";
		};
		C5DB94811D3F842000887E81 /* iGithubUITests */ = {
			isa = PBXGroup;
			children = (
				C5DB94821D3F842000887E81 /* iGithubUITests.swift */,
				C5DB94841D3F842000887E81 /* Info.plist */,
			);
			path = iGithubUITests;
			sourceTree = "<group>";
		};
		C5DB94AB1D3F8AB700887E81 /* Frameworks */ = {
			isa = PBXGroup;
			children = (
				C5DB94A91D3F8A0A00887E81 /* Result.framework */,
				C5DB94911D3F85CD00887E81 /* Alamofire.framework */,
				C5DB94921D3F85CD00887E81 /* KeychainAccess.framework */,
				C5DB94931D3F85CD00887E81 /* Kingfisher.framework */,
				C5DB94941D3F85CD00887E81 /* Moya.framework */,
				C5DB94951D3F85CD00887E81 /* Mustache.framework */,
				C5DB94961D3F85CD00887E81 /* ObjectMapper.framework */,
				C5DB94971D3F85CD00887E81 /* RxBlocking.framework */,
				C5DB94981D3F85CD00887E81 /* RxCocoa.framework */,
				C5DB94991D3F85CD00887E81 /* RxMoya.framework */,
				C5DB949A1D3F85CD00887E81 /* RxSwift.framework */,
				C5DB949B1D3F85CD00887E81 /* SwiftDate.framework */,
			);
			name = Frameworks;
			sourceTree = "<group>";
		};
		C5DB94B01D3F8BF500887E81 /* Resources */ = {
			isa = PBXGroup;
			children = (
				C55E08511D4786EB0004EC7C /* Prism */,
				C5F4BDEA1D3F96D2009DF758 /* octicons.ttf */,
				C55E08481D4701A20004EC7C /* content.mustache */,
				C5BB907A1D487ACA005A40C0 /* empty_content.html */,
				C55E08531D478E8E0004EC7C /* common.css */,
				C55E08551D4793740004EC7C /* file_extensions.plist */,
			);
			path = Resources;
			sourceTree = "<group>";
		};
		C5F4BDEC1D3FAEE6009DF758 /* ViewControllers */ = {
			isa = PBXGroup;
			children = (
				C5F4BDED1D3FB19A009DF758 /* Login */,
				C538FD261D40E86B003A559E /* BaseTableViewController.swift */,
				C538FD1A1D40C97B003A559E /* EventTableViewController.swift */,
				C538FD3C1D431C35003A559E /* RepositoryViewController.swift */,
				C538FD4F1D459C71003A559E /* FileTableViewController.swift */,
				C538FD561D461852003A559E /* FileViewController.swift */,
				C5C4D9521D49B3FD007C1891 /* UserViewController.swift */,
				C5373C4A1D4B7C2D006CFB83 /* OrganizationViewController.swift */,
				C5373C4C1D4B9603006CFB83 /* UserTableViewController.swift */,
				C5819ABE1D4DD2B7009D7772 /* RepositoryTableViewController.swift */,
			);
			path = ViewControllers;
			sourceTree = "<group>";
		};
		C5F4BDED1D3FB19A009DF758 /* Login */ = {
			isa = PBXGroup;
			children = (
				C5F4BDEE1D3FB1E8009DF758 /* LoginViewController.swift */,
				C5F4BDF41D3FB294009DF758 /* OAuthViewController.swift */,
			);
			path = Login;
			sourceTree = "<group>";
		};
/* End PBXGroup section */

/* Begin PBXNativeTarget section */
		C5DB945E1D3F842000887E81 /* iGithub */ = {
			isa = PBXNativeTarget;
			buildConfigurationList = C5DB94871D3F842000887E81 /* Build configuration list for PBXNativeTarget "iGithub" */;
			buildPhases = (
				C5DB945B1D3F842000887E81 /* Sources */,
				C5DB945C1D3F842000887E81 /* Frameworks */,
				C5DB945D1D3F842000887E81 /* Resources */,
				C5DB94A71D3F86EC00887E81 /* ShellScript */,
			);
			buildRules = (
			);
			dependencies = (
			);
			name = iGithub;
			productName = iGithub;
			productReference = C5DB945F1D3F842000887E81 /* iGithub.app */;
			productType = "com.apple.product-type.application";
		};
		C5DB94721D3F842000887E81 /* iGithubTests */ = {
			isa = PBXNativeTarget;
			buildConfigurationList = C5DB948A1D3F842000887E81 /* Build configuration list for PBXNativeTarget "iGithubTests" */;
			buildPhases = (
				C5DB946F1D3F842000887E81 /* Sources */,
				C5DB94701D3F842000887E81 /* Frameworks */,
				C5DB94711D3F842000887E81 /* Resources */,
			);
			buildRules = (
			);
			dependencies = (
				C5DB94751D3F842000887E81 /* PBXTargetDependency */,
			);
			name = iGithubTests;
			productName = iGithubTests;
			productReference = C5DB94731D3F842000887E81 /* iGithubTests.xctest */;
			productType = "com.apple.product-type.bundle.unit-test";
		};
		C5DB947D1D3F842000887E81 /* iGithubUITests */ = {
			isa = PBXNativeTarget;
			buildConfigurationList = C5DB948D1D3F842000887E81 /* Build configuration list for PBXNativeTarget "iGithubUITests" */;
			buildPhases = (
				C5DB947A1D3F842000887E81 /* Sources */,
				C5DB947B1D3F842000887E81 /* Frameworks */,
				C5DB947C1D3F842000887E81 /* Resources */,
			);
			buildRules = (
			);
			dependencies = (
				C5DB94801D3F842000887E81 /* PBXTargetDependency */,
			);
			name = iGithubUITests;
			productName = iGithubUITests;
			productReference = C5DB947E1D3F842000887E81 /* iGithubUITests.xctest */;
			productType = "com.apple.product-type.bundle.ui-testing";
		};
/* End PBXNativeTarget section */

/* Begin PBXProject section */
		C5DB94571D3F842000887E81 /* Project object */ = {
			isa = PBXProject;
			attributes = {
				LastSwiftUpdateCheck = 0730;
				LastUpgradeCheck = 0730;
				ORGANIZATIONNAME = Hocheung;
				TargetAttributes = {
					C5DB945E1D3F842000887E81 = {
						CreatedOnToolsVersion = 7.3.1;
					};
					C5DB94721D3F842000887E81 = {
						CreatedOnToolsVersion = 7.3.1;
						DevelopmentTeam = 85F8EE85FH;
						TestTargetID = C5DB945E1D3F842000887E81;
					};
					C5DB947D1D3F842000887E81 = {
						CreatedOnToolsVersion = 7.3.1;
						DevelopmentTeam = 85F8EE85FH;
						TestTargetID = C5DB945E1D3F842000887E81;
					};
				};
			};
			buildConfigurationList = C5DB945A1D3F842000887E81 /* Build configuration list for PBXProject "iGithub" */;
			compatibilityVersion = "Xcode 3.2";
			developmentRegion = English;
			hasScannedForEncodings = 0;
			knownRegions = (
				en,
				Base,
			);
			mainGroup = C5DB94561D3F842000887E81;
			productRefGroup = C5DB94601D3F842000887E81 /* Products */;
			projectDirPath = "";
			projectRoot = "";
			targets = (
				C5DB945E1D3F842000887E81 /* iGithub */,
				C5DB94721D3F842000887E81 /* iGithubTests */,
				C5DB947D1D3F842000887E81 /* iGithubUITests */,
			);
		};
/* End PBXProject section */

/* Begin PBXResourcesBuildPhase section */
		C5DB945D1D3F842000887E81 /* Resources */ = {
			isa = PBXResourcesBuildPhase;
			buildActionMask = 2147483647;
			files = (
				C5DB946D1D3F842000887E81 /* LaunchScreen.storyboard in Resources */,
				C5DB946A1D3F842000887E81 /* Assets.xcassets in Resources */,
				C55E08541D478E8E0004EC7C /* common.css in Resources */,
				C5F4BDEB1D3F96D2009DF758 /* octicons.ttf in Resources */,
				C55E08491D4701A20004EC7C /* content.mustache in Resources */,
				C538FD331D430466003A559E /* Login.storyboard in Resources */,
				C55E08521D4786EB0004EC7C /* Prism in Resources */,
				C5DB94681D3F842000887E81 /* Main.storyboard in Resources */,
				C5BB907B1D487ACA005A40C0 /* empty_content.html in Resources */,
				C55E08561D4793740004EC7C /* file_extensions.plist in Resources */,
			);
			runOnlyForDeploymentPostprocessing = 0;
		};
		C5DB94711D3F842000887E81 /* Resources */ = {
			isa = PBXResourcesBuildPhase;
			buildActionMask = 2147483647;
			files = (
			);
			runOnlyForDeploymentPostprocessing = 0;
		};
		C5DB947C1D3F842000887E81 /* Resources */ = {
			isa = PBXResourcesBuildPhase;
			buildActionMask = 2147483647;
			files = (
			);
			runOnlyForDeploymentPostprocessing = 0;
		};
/* End PBXResourcesBuildPhase section */

/* Begin PBXShellScriptBuildPhase section */
		C5DB94A71D3F86EC00887E81 /* ShellScript */ = {
			isa = PBXShellScriptBuildPhase;
			buildActionMask = 2147483647;
			files = (
			);
			inputPaths = (
				"$(SRCROOT)/Carthage/Build/iOS/Alamofire.framework",
				"$(SRCROOT)/Carthage/Build/iOS/KeychainAccess.framework",
				"$(SRCROOT)/Carthage/Build/iOS/Kingfisher.framework",
				"$(SRCROOT)/Carthage/Build/iOS/Moya.framework",
				"$(SRCROOT)/Carthage/Build/iOS/Mustache.framework",
				"$(SRCROOT)/Carthage/Build/iOS/ObjectMapper.framework",
				"$(SRCROOT)/Carthage/Build/iOS/Result.framework",
				"$(SRCROOT)/Carthage/Build/iOS/RxBlocking.framework",
				"$(SRCROOT)/Carthage/Build/iOS/RxCocoa.framework",
				"$(SRCROOT)/Carthage/Build/iOS/RxMoya.framework",
				"$(SRCROOT)/Carthage/Build/iOS/RxSwift.framework",
				"$(SRCROOT)/Carthage/Build/iOS/SwiftDate.framework",
			);
			outputPaths = (
			);
			runOnlyForDeploymentPostprocessing = 0;
			shellPath = /bin/sh;
			shellScript = "/usr/local/bin/carthage copy-frameworks";
		};
/* End PBXShellScriptBuildPhase section */

/* Begin PBXSourcesBuildPhase section */
		C5DB945B1D3F842000887E81 /* Sources */ = {
			isa = PBXSourcesBuildPhase;
			buildActionMask = 2147483647;
			files = (
				C538FD501D459C71003A559E /* FileTableViewController.swift in Sources */,
				C5373C4B1D4B7C2D006CFB83 /* OrganizationViewController.swift in Sources */,
				C5C4D9531D49B3FD007C1891 /* UserViewController.swift in Sources */,
				C538FD521D459DC7003A559E /* FileTableViewModel.swift in Sources */,
				C5F4BDEF1D3FB1E8009DF758 /* LoginViewController.swift in Sources */,
				C538FD4A1D449602003A559E /* DataProcess.swift in Sources */,
				C5819ABD1D4DD279009D7772 /* RepositoryTableViewModel.swift in Sources */,
				C538FD1E1D40CB8C003A559E /* EventTableViewModel.swift in Sources */,
				C5373C451D4AF5FD006CFB83 /* UserCell.swift in Sources */,
				C538FD2C1D411835003A559E /* BaseModel.swift in Sources */,
				C538FD271D40E86B003A559E /* BaseTableViewController.swift in Sources */,
				C538FD131D40A3F0003A559E /* Issue.swift in Sources */,
				C538FD291D40E946003A559E /* BaseTableViewModel.swift in Sources */,
				C538FD541D45A0A2003A559E /* FileCell.swift in Sources */,
				C538FD0D1D40A336003A559E /* Commit.swift in Sources */,
				C538FD111D40A3C2003A559E /* PullRequestComment.swift in Sources */,
				C5819ABB1D4CF3D4009D7772 /* RepositoryCell.swift in Sources */,
				C5F4BDF71D3FB37A009DF758 /* OAuthAPI.swift in Sources */,
				C5373C4F1D4B97F6006CFB83 /* UserTableViewModel.swift in Sources */,
				C5DB94631D3F842000887E81 /* AppDelegate.swift in Sources */,
				C538FD0B1D40A30F003A559E /* Event.swift in Sources */,
				C538FD251D40DB70003A559E /* EventCell.swift in Sources */,
				C538FD191D40A455003A559E /* Repository.swift in Sources */,
				C538FD571D461852003A559E /* FileViewController.swift in Sources */,
				C538FD0F1D40A349003A559E /* PullRequest.swift in Sources */,
				C538FD021D406638003A559E /* User.swift in Sources */,
				C538FD431D43BDE5003A559E /* StatusCell.swift in Sources */,
				C538FD171D40A42C003A559E /* CommitComment.swift in Sources */,
				C538FD3D1D431C35003A559E /* RepositoryViewController.swift in Sources */,
				C5373C491D4B4493006CFB83 /* OrganizationViewModel.swift in Sources */,
				C538FD081D406BE8003A559E /* AccountManager.swift in Sources */,
				C5F4BDE71D3F95E5009DF758 /* Octicon.swift in Sources */,
				C538FCFF1D3FBFDC003A559E /* GithubAPI.swift in Sources */,
				C5373C4D1D4B9603006CFB83 /* UserTableViewController.swift in Sources */,
				C5C4D9551D4A27B2007C1891 /* CountButton.swift in Sources */,
				C538FD151D40A40B003A559E /* IssueComment.swift in Sources */,
				C538FD4C1D44FB2E003A559E /* FileViewModel.swift in Sources */,
				C538FD4E1D44FB79003A559E /* File.swift in Sources */,
				C5F4BDF51D3FB294009DF758 /* OAuthViewController.swift in Sources */,
				C538FD471D4491DE003A559E /* Event+DataProcess.swift in Sources */,
				C538FD391D430FB3003A559E /* RepositoryViewModel.swift in Sources */,
				C5819ABF1D4DD2B7009D7772 /* RepositoryTableViewController.swift in Sources */,
				C5C4D9511D49B1C5007C1891 /* UserViewModel.swift in Sources */,
				C538FD1B1D40C97B003A559E /* EventTableViewController.swift in Sources */,
			);
			runOnlyForDeploymentPostprocessing = 0;
		};
		C5DB946F1D3F842000887E81 /* Sources */ = {
			isa = PBXSourcesBuildPhase;
			buildActionMask = 2147483647;
			files = (
				C5DB94781D3F842000887E81 /* iGithubTests.swift in Sources */,
			);
			runOnlyForDeploymentPostprocessing = 0;
		};
		C5DB947A1D3F842000887E81 /* Sources */ = {
			isa = PBXSourcesBuildPhase;
			buildActionMask = 2147483647;
			files = (
				C5DB94831D3F842000887E81 /* iGithubUITests.swift in Sources */,
			);
			runOnlyForDeploymentPostprocessing = 0;
		};
/* End PBXSourcesBuildPhase section */

/* Begin PBXTargetDependency section */
		C5DB94751D3F842000887E81 /* PBXTargetDependency */ = {
			isa = PBXTargetDependency;
			target = C5DB945E1D3F842000887E81 /* iGithub */;
			targetProxy = C5DB94741D3F842000887E81 /* PBXContainerItemProxy */;
		};
		C5DB94801D3F842000887E81 /* PBXTargetDependency */ = {
			isa = PBXTargetDependency;
			target = C5DB945E1D3F842000887E81 /* iGithub */;
			targetProxy = C5DB947F1D3F842000887E81 /* PBXContainerItemProxy */;
		};
/* End PBXTargetDependency section */

/* Begin PBXVariantGroup section */
		C5DB94661D3F842000887E81 /* Main.storyboard */ = {
			isa = PBXVariantGroup;
			children = (
				C5DB94671D3F842000887E81 /* Base */,
			);
			name = Main.storyboard;
			sourceTree = "<group>";
		};
		C5DB946B1D3F842000887E81 /* LaunchScreen.storyboard */ = {
			isa = PBXVariantGroup;
			children = (
				C5DB946C1D3F842000887E81 /* Base */,
			);
			name = LaunchScreen.storyboard;
			sourceTree = "<group>";
		};
/* End PBXVariantGroup section */

/* Begin XCBuildConfiguration section */
		C5DB94851D3F842000887E81 /* Debug */ = {
			isa = XCBuildConfiguration;
			buildSettings = {
				ALWAYS_SEARCH_USER_PATHS = NO;
				CLANG_ANALYZER_NONNULL = YES;
				CLANG_CXX_LANGUAGE_STANDARD = "gnu++0x";
				CLANG_CXX_LIBRARY = "libc++";
				CLANG_ENABLE_MODULES = YES;
				CLANG_ENABLE_OBJC_ARC = YES;
				CLANG_WARN_BOOL_CONVERSION = YES;
				CLANG_WARN_CONSTANT_CONVERSION = YES;
				CLANG_WARN_DIRECT_OBJC_ISA_USAGE = YES_ERROR;
				CLANG_WARN_EMPTY_BODY = YES;
				CLANG_WARN_ENUM_CONVERSION = YES;
				CLANG_WARN_INT_CONVERSION = YES;
				CLANG_WARN_OBJC_ROOT_CLASS = YES_ERROR;
				CLANG_WARN_UNREACHABLE_CODE = YES;
				CLANG_WARN__DUPLICATE_METHOD_MATCH = YES;
				"CODE_SIGN_IDENTITY[sdk=iphoneos*]" = "iPhone Developer";
				COPY_PHASE_STRIP = NO;
				DEBUG_INFORMATION_FORMAT = dwarf;
				ENABLE_STRICT_OBJC_MSGSEND = YES;
				ENABLE_TESTABILITY = YES;
				GCC_C_LANGUAGE_STANDARD = gnu99;
				GCC_DYNAMIC_NO_PIC = NO;
				GCC_NO_COMMON_BLOCKS = YES;
				GCC_OPTIMIZATION_LEVEL = 0;
				GCC_PREPROCESSOR_DEFINITIONS = (
					"DEBUG=1",
					"$(inherited)",
				);
				GCC_WARN_64_TO_32_BIT_CONVERSION = YES;
				GCC_WARN_ABOUT_RETURN_TYPE = YES_ERROR;
				GCC_WARN_UNDECLARED_SELECTOR = YES;
				GCC_WARN_UNINITIALIZED_AUTOS = YES_AGGRESSIVE;
				GCC_WARN_UNUSED_FUNCTION = YES;
				GCC_WARN_UNUSED_VARIABLE = YES;
				IPHONEOS_DEPLOYMENT_TARGET = 9.3;
				MTL_ENABLE_DEBUG_INFO = YES;
				ONLY_ACTIVE_ARCH = YES;
				SDKROOT = iphoneos;
				SWIFT_OPTIMIZATION_LEVEL = "-Onone";
				TARGETED_DEVICE_FAMILY = "1,2";
			};
			name = Debug;
		};
		C5DB94861D3F842000887E81 /* Release */ = {
			isa = XCBuildConfiguration;
			buildSettings = {
				ALWAYS_SEARCH_USER_PATHS = NO;
				CLANG_ANALYZER_NONNULL = YES;
				CLANG_CXX_LANGUAGE_STANDARD = "gnu++0x";
				CLANG_CXX_LIBRARY = "libc++";
				CLANG_ENABLE_MODULES = YES;
				CLANG_ENABLE_OBJC_ARC = YES;
				CLANG_WARN_BOOL_CONVERSION = YES;
				CLANG_WARN_CONSTANT_CONVERSION = YES;
				CLANG_WARN_DIRECT_OBJC_ISA_USAGE = YES_ERROR;
				CLANG_WARN_EMPTY_BODY = YES;
				CLANG_WARN_ENUM_CONVERSION = YES;
				CLANG_WARN_INT_CONVERSION = YES;
				CLANG_WARN_OBJC_ROOT_CLASS = YES_ERROR;
				CLANG_WARN_UNREACHABLE_CODE = YES;
				CLANG_WARN__DUPLICATE_METHOD_MATCH = YES;
				"CODE_SIGN_IDENTITY[sdk=iphoneos*]" = "iPhone Developer";
				COPY_PHASE_STRIP = NO;
				DEBUG_INFORMATION_FORMAT = "dwarf-with-dsym";
				ENABLE_NS_ASSERTIONS = NO;
				ENABLE_STRICT_OBJC_MSGSEND = YES;
				GCC_C_LANGUAGE_STANDARD = gnu99;
				GCC_NO_COMMON_BLOCKS = YES;
				GCC_WARN_64_TO_32_BIT_CONVERSION = YES;
				GCC_WARN_ABOUT_RETURN_TYPE = YES_ERROR;
				GCC_WARN_UNDECLARED_SELECTOR = YES;
				GCC_WARN_UNINITIALIZED_AUTOS = YES_AGGRESSIVE;
				GCC_WARN_UNUSED_FUNCTION = YES;
				GCC_WARN_UNUSED_VARIABLE = YES;
				IPHONEOS_DEPLOYMENT_TARGET = 9.3;
				MTL_ENABLE_DEBUG_INFO = NO;
				SDKROOT = iphoneos;
				TARGETED_DEVICE_FAMILY = "1,2";
				VALIDATE_PRODUCT = YES;
			};
			name = Release;
		};
		C5DB94881D3F842000887E81 /* Debug */ = {
			isa = XCBuildConfiguration;
			buildSettings = {
				ASSETCATALOG_COMPILER_APPICON_NAME = AppIcon;
				CODE_SIGN_IDENTITY = "iPhone Developer";
				FRAMEWORK_SEARCH_PATHS = (
					"$(inherited)",
					"$(PROJECT_DIR)/Carthage/Build/iOS",
				);
				INFOPLIST_FILE = iGithub/Info.plist;
				LD_RUNPATH_SEARCH_PATHS = "$(inherited) @executable_path/Frameworks";
				PRODUCT_BUNDLE_IDENTIFIER = me.hocheung.iGithub;
				PRODUCT_NAME = "$(TARGET_NAME)";
			};
			name = Debug;
		};
		C5DB94891D3F842000887E81 /* Release */ = {
			isa = XCBuildConfiguration;
			buildSettings = {
				ASSETCATALOG_COMPILER_APPICON_NAME = AppIcon;
				CODE_SIGN_IDENTITY = "iPhone Developer";
				FRAMEWORK_SEARCH_PATHS = (
					"$(inherited)",
					"$(PROJECT_DIR)/Carthage/Build/iOS",
				);
				INFOPLIST_FILE = iGithub/Info.plist;
				LD_RUNPATH_SEARCH_PATHS = "$(inherited) @executable_path/Frameworks";
				PRODUCT_BUNDLE_IDENTIFIER = me.hocheung.iGithub;
				PRODUCT_NAME = "$(TARGET_NAME)";
			};
			name = Release;
		};
		C5DB948B1D3F842000887E81 /* Debug */ = {
			isa = XCBuildConfiguration;
			buildSettings = {
				BUNDLE_LOADER = "$(TEST_HOST)";
				INFOPLIST_FILE = iGithubTests/Info.plist;
				LD_RUNPATH_SEARCH_PATHS = "$(inherited) @executable_path/Frameworks @loader_path/Frameworks";
				PRODUCT_BUNDLE_IDENTIFIER = me.hocheung.iGithubTests;
				PRODUCT_NAME = "$(TARGET_NAME)";
				TEST_HOST = "$(BUILT_PRODUCTS_DIR)/iGithub.app/iGithub";
			};
			name = Debug;
		};
		C5DB948C1D3F842000887E81 /* Release */ = {
			isa = XCBuildConfiguration;
			buildSettings = {
				BUNDLE_LOADER = "$(TEST_HOST)";
				INFOPLIST_FILE = iGithubTests/Info.plist;
				LD_RUNPATH_SEARCH_PATHS = "$(inherited) @executable_path/Frameworks @loader_path/Frameworks";
				PRODUCT_BUNDLE_IDENTIFIER = me.hocheung.iGithubTests;
				PRODUCT_NAME = "$(TARGET_NAME)";
				TEST_HOST = "$(BUILT_PRODUCTS_DIR)/iGithub.app/iGithub";
			};
			name = Release;
		};
		C5DB948E1D3F842000887E81 /* Debug */ = {
			isa = XCBuildConfiguration;
			buildSettings = {
				INFOPLIST_FILE = iGithubUITests/Info.plist;
				LD_RUNPATH_SEARCH_PATHS = "$(inherited) @executable_path/Frameworks @loader_path/Frameworks";
				PRODUCT_BUNDLE_IDENTIFIER = me.hocheung.iGithubUITests;
				PRODUCT_NAME = "$(TARGET_NAME)";
				TEST_TARGET_NAME = iGithub;
			};
			name = Debug;
		};
		C5DB948F1D3F842000887E81 /* Release */ = {
			isa = XCBuildConfiguration;
			buildSettings = {
				INFOPLIST_FILE = iGithubUITests/Info.plist;
				LD_RUNPATH_SEARCH_PATHS = "$(inherited) @executable_path/Frameworks @loader_path/Frameworks";
				PRODUCT_BUNDLE_IDENTIFIER = me.hocheung.iGithubUITests;
				PRODUCT_NAME = "$(TARGET_NAME)";
				TEST_TARGET_NAME = iGithub;
			};
			name = Release;
		};
/* End XCBuildConfiguration section */

/* Begin XCConfigurationList section */
		C5DB945A1D3F842000887E81 /* Build configuration list for PBXProject "iGithub" */ = {
			isa = XCConfigurationList;
			buildConfigurations = (
				C5DB94851D3F842000887E81 /* Debug */,
				C5DB94861D3F842000887E81 /* Release */,
			);
			defaultConfigurationIsVisible = 0;
			defaultConfigurationName = Release;
		};
		C5DB94871D3F842000887E81 /* Build configuration list for PBXNativeTarget "iGithub" */ = {
			isa = XCConfigurationList;
			buildConfigurations = (
				C5DB94881D3F842000887E81 /* Debug */,
				C5DB94891D3F842000887E81 /* Release */,
			);
			defaultConfigurationIsVisible = 0;
			defaultConfigurationName = Release;
		};
		C5DB948A1D3F842000887E81 /* Build configuration list for PBXNativeTarget "iGithubTests" */ = {
			isa = XCConfigurationList;
			buildConfigurations = (
				C5DB948B1D3F842000887E81 /* Debug */,
				C5DB948C1D3F842000887E81 /* Release */,
			);
			defaultConfigurationIsVisible = 0;
			defaultConfigurationName = Release;
		};
		C5DB948D1D3F842000887E81 /* Build configuration list for PBXNativeTarget "iGithubUITests" */ = {
			isa = XCConfigurationList;
			buildConfigurations = (
				C5DB948E1D3F842000887E81 /* Debug */,
				C5DB948F1D3F842000887E81 /* Release */,
			);
			defaultConfigurationIsVisible = 0;
			defaultConfigurationName = Release;
		};
/* End XCConfigurationList section */
	};
	rootObject = C5DB94571D3F842000887E81 /* Project object */;
}
